
Microsoft Visual Studio Solution File, Format Version 12.00
Project("{FAE04EC0-301F-11D3-BF4B-00C04F79EFBC}") = "CustomerService.Api", "CustomerService.Api\CustomerService.Api.csproj", "{1E1F6E5B-2B1A-4D4F-AC4F-A165315FD98D}"
EndProject
Project("{FAE04EC0-301F-11D3-BF4B-00C04F79EFBC}") = "CustomerService.Domain", "CustomerService.Domain\CustomerService.Domain.csproj", "{B8DA6C58-20C8-4DF7-BB99-28149C77ABF2}"
EndProject
Project("{FAE04EC0-301F-11D3-BF4B-00C04F79EFBC}") = "CustomerService.Infrastructure", "CustomerService.Infrastructure\CustomerService.Infrastructure.csproj", "{3B7E95F7-B51B-4DA8-8BCB-98B37324A465}"
EndProject
Project("{FAE04EC0-301F-11D3-BF4B-00C04F79EFBC}") = "CustomerService.Logic", "CustomerService.Logic\CustomerService.Logic.csproj", "{275DDE5D-3BFE-457F-A9A0-A57DA72810DC}"
EndProject
Project("{FAE04EC0-301F-11D3-BF4B-00C04F79EFBC}") = "CustomerService.MessageQueue", "CustomerService.MessageQueue\CustomerService.MessageQueue.csproj", "{B132EBF0-EF8E-4DAE-942A-178D0C826BEE}"
EndProject
Global
	GlobalSection(SolutionConfigurationPlatforms) = preSolution
		Debug|Any CPU = Debug|Any CPU
		Release|Any CPU = Release|Any CPU
	EndGlobalSection
	GlobalSection(ProjectConfigurationPlatforms) = postSolution
		{1E1F6E5B-2B1A-4D4F-AC4F-A165315FD98D}.Debug|Any CPU.ActiveCfg = Debug|Any CPU
		{1E1F6E5B-2B1A-4D4F-AC4F-A165315FD98D}.Debug|Any CPU.Build.0 = Debug|Any CPU
		{1E1F6E5B-2B1A-4D4F-AC4F-A165315FD98D}.Release|Any CPU.ActiveCfg = Release|Any CPU
		{1E1F6E5B-2B1A-4D4F-AC4F-A165315FD98D}.Release|Any CPU.Build.0 = Release|Any CPU
		{B8DA6C58-20C8-4DF7-BB99-28149C77ABF2}.Debug|Any CPU.ActiveCfg = Debug|Any CPU
		{B8DA6C58-20C8-4DF7-BB99-28149C77ABF2}.Debug|Any CPU.Build.0 = Debug|Any CPU
		{B8DA6C58-20C8-4DF7-BB99-28149C77ABF2}.Release|Any CPU.ActiveCfg = Release|Any CPU
		{B8DA6C58-20C8-4DF7-BB99-28149C77ABF2}.Release|Any CPU.Build.0 = Release|Any CPU
		{3B7E95F7-B51B-4DA8-8BCB-98B37324A465}.Debug|Any CPU.ActiveCfg = Debug|Any CPU
		{3B7E95F7-B51B-4DA8-8BCB-98B37324A465}.Debug|Any CPU.Build.0 = Debug|Any CPU
		{3B7E95F7-B51B-4DA8-8BCB-98B37324A465}.Release|Any CPU.ActiveCfg = Release|Any CPU
		{3B7E95F7-B51B-4DA8-8BCB-98B37324A465}.Release|Any CPU.Build.0 = Release|Any CPU
		{275DDE5D-3BFE-457F-A9A0-A57DA72810DC}.Debug|Any CPU.ActiveCfg = Debug|Any CPU
		{275DDE5D-3BFE-457F-A9A0-A57DA72810DC}.Debug|Any CPU.Build.0 = Debug|Any CPU
		{275DDE5D-3BFE-457F-A9A0-A57DA72810DC}.Release|Any CPU.ActiveCfg = Release|Any CPU
		{275DDE5D-3BFE-457F-A9A0-A57DA72810DC}.Release|Any CPU.Build.0 = Release|Any CPU
		{B132EBF0-EF8E-4DAE-942A-178D0C826BEE}.Debug|Any CPU.ActiveCfg = Debug|Any CPU
		{B132EBF0-EF8E-4DAE-942A-178D0C826BEE}.Debug|Any CPU.Build.0 = Debug|Any CPU
		{B132EBF0-EF8E-4DAE-942A-178D0C826BEE}.Release|Any CPU.ActiveCfg = Release|Any CPU
		{B132EBF0-EF8E-4DAE-942A-178D0C826BEE}.Release|Any CPU.Build.0 = Release|Any CPU
	EndGlobalSection
EndGlobal
